{
  "name": "backend",
  "lockfileVersion": 3,
  "requires": true,
  "packages": {
    "": {
      "dependencies": {
        "async-lru-cache": "^0.2.1"
      }
    },
    "node_modules/async-lru-cache": {
      "version": "0.2.1",
      "resolved": "https://registry.npmjs.org/async-lru-cache/-/async-lru-cache-0.2.1.tgz",
      "integrity": "sha512-5wm3lSOfQ0DKHG5Aj9GTYz+qFE7CAB0hs6wADwE2Y4lRXm49OTxG1w6tviq7fdML2iMsGEjl/yK0niDGmK68jg==",
      "dependencies": {
        "lru-cache": "2.1.0"
      },
      "engines": {
        "node": "*"
      }
    },
    "node_modules/lru-cache": {
      "version": "2.1.0",
      "resolved": "https://registry.npmjs.org/lru-cache/-/lru-cache-2.1.0.tgz",
      "integrity": "sha512-hOpKYIlkW9UbrqQoyaAMJQamdDQqPLL2lA0y+7Oz3bFb69nWJEjrtZ414dqeUsBNaDgbQlHU+yUA91Bf7eZiuw==",
      "license": "MIT"
    }
  }
}
